
Microsoft Visual Studio Solution File, Format Version 12.00
# Visual Studio Version 16
VisualStudioVersion = 16.0.28803.202
MinimumVisualStudioVersion = 10.0.40219.1
Project("{FAE04EC0-301F-11D3-BF4B-00C04F79EFBC}") = "GazeMonitoring", "GazeMonitoring\GazeMonitoring.csproj", "{D5944506-6871-440A-A210-D71C7ABA2BDA}"
EndProject
Project("{FAE04EC0-301F-11D3-BF4B-00C04F79EFBC}") = "TobiiCoreMonitoring", "TobiiCoreMonitoring\TobiiCoreMonitoring.csproj", "{523C4922-424A-4843-B560-0CB2781722D3}"
EndProject
Project("{FAE04EC0-301F-11D3-BF4B-00C04F79EFBC}") = "TheEyeTribeMonitoring", "TheEyeTribeMonitoring\TheEyeTribeMonitoring.csproj", "{F1C9FA6B-755D-442E-B6B6-B7CDDD88CD62}"
EndProject
Project("{FAE04EC0-301F-11D3-BF4B-00C04F79EFBC}") = "GazeMonitoring.Common", "GazeMonitoring.Common\GazeMonitoring.Common.csproj", "{ACBA8D12-A538-4AB9-9D12-59227821E7AA}"
EndProject
Project("{FAE04EC0-301F-11D3-BF4B-00C04F79EFBC}") = "GazeMonitoring.Data", "GazeMonitoring.Data\GazeMonitoring.Data.csproj", "{A425261F-E463-4EB1-B237-597509E25C39}"
EndProject
Project("{FAE04EC0-301F-11D3-BF4B-00C04F79EFBC}") = "GazeMonitoring.Data.Csv", "GazeMonitoring.Data.Csv\GazeMonitoring.Data.Csv.csproj", "{70BB2194-ACC0-44F6-9264-11251485ECC2}"
EndProject
Project("{FAE04EC0-301F-11D3-BF4B-00C04F79EFBC}") = "GazeMonitoring.Data.Xml", "GazeMonitoring.Data.Xml\GazeMonitoring.Data.Xml.csproj", "{1BB84589-22EA-4F07-BF68-C39577AEBC21}"
EndProject
Project("{FAE04EC0-301F-11D3-BF4B-00C04F79EFBC}") = "GazeMonitoring.IoC", "GazeMonitoring.IoC\GazeMonitoring.IoC.csproj", "{3B15219E-FEB5-471D-BA9B-06EC67320A52}"
EndProject
Project("{FAE04EC0-301F-11D3-BF4B-00C04F79EFBC}") = "MockMonitoring", "MockMonitoring\MockMonitoring.csproj", "{60F20997-4A0B-4769-879B-D270B35AC149}"
EndProject
Project("{FAE04EC0-301F-11D3-BF4B-00C04F79EFBC}") = "GazeMonitoring.Data.PostgreSQL", "GazeMonitoring.Data.PostgreSQL\GazeMonitoring.Data.PostgreSQL.csproj", "{B6FE1338-3086-4B01-B2F7-DA0CB1679175}"
EndProject
Project("{FAE04EC0-301F-11D3-BF4B-00C04F79EFBC}") = "GazeMonitoring.Logging", "GazeMonitoring.Logging\GazeMonitoring.Logging.csproj", "{D54C6080-859C-4E1E-A4CE-B5407E474326}"
EndProject
Project("{FAE04EC0-301F-11D3-BF4B-00C04F79EFBC}") = "GazeMonitoring.ScreenCapture", "GazeMonitoring.ScreenCapture\GazeMonitoring.ScreenCapture.csproj", "{1368F8C5-AB06-4211-94A2-A44CA3A1E291}"
EndProject
Project("{FAE04EC0-301F-11D3-BF4B-00C04F79EFBC}") = "GazeMonitoring.ScreenCapture.SharpAvi", "GazeMonitoring.ScreenCapture.SharpAvi\GazeMonitoring.ScreenCapture.SharpAvi.csproj", "{70FF8F72-379E-4E23-B864-892FCB8AF93D}"
EndProject
Project("{FAE04EC0-301F-11D3-BF4B-00C04F79EFBC}") = "GazeMonitoring.Logging.Log4Net", "GazeMonitoring.Logging.Log4Net\GazeMonitoring.Logging.Log4Net.csproj", "{AE99D690-A9A5-4018-BEC2-E9C04AD8CEF8}"
EndProject
Project("{FAE04EC0-301F-11D3-BF4B-00C04F79EFBC}") = "GazeMonitoring.Tests", "GazeMonitoring.Tests\GazeMonitoring.Tests.csproj", "{0B3424A5-753D-47C5-B315-23CFC5C22021}"
EndProject
Project("{FAE04EC0-301F-11D3-BF4B-00C04F79EFBC}") = "GazeMonitoring.Data.CustomExample", "GazeMonitoring.Data.CustomExample\GazeMonitoring.Data.CustomExample.csproj", "{3FA0B2D3-F486-4688-9EFE-4D49F98F6F56}"
EndProject
Project("{9A19103F-16F7-4668-BE54-9A1E7A4F7556}") = "GazeMonitoring.Model", "GazeMonitoring.Model\GazeMonitoring.Model.csproj", "{7AB3272C-2C51-440D-8C40-EA88D3B8501A}"
EndProject
Project("{9A19103F-16F7-4668-BE54-9A1E7A4F7556}") = "GazeMonitoring.EyeTracker.Core", "GazeMonitoring.EyeTracker.Core\GazeMonitoring.EyeTracker.Core.csproj", "{24F906AF-DF04-4A59-9215-47186318F9B5}"
EndProject
Project("{54435603-DBB4-11D2-8724-00A0C9A8B90C}") = "GazeMonitoring.Installer", "GazeMonitoring.Installer\GazeMonitoring.Installer.vdproj", "{A4D9620A-AA32-432D-977B-E01DFBA2FD43}"
EndProject
Project("{9A19103F-16F7-4668-BE54-9A1E7A4F7556}") = "GazeMonitoring.DataAccess", "GazeMonitoring.DataAccess\GazeMonitoring.DataAccess.csproj", "{4EEA6D8E-90A7-446A-8380-2DAB20A98E07}"
EndProject
Project("{9A19103F-16F7-4668-BE54-9A1E7A4F7556}") = "GazeMonitoring.DataAccess.LiteDB", "GazeMonitoring.DataAccess.LiteDB\GazeMonitoring.DataAccess.LiteDB.csproj", "{E1EC40F3-35C1-4E56-8E66-C21CCF4E6F75}"
EndProject
Project("{FAE04EC0-301F-11D3-BF4B-00C04F79EFBC}") = "GazeMonitoring.IoC.Autofac", "GazeMonitoring.IoC.Autofac\GazeMonitoring.IoC.Autofac.csproj", "{39F7ACDC-FCAF-4208-A97D-9B5568AAC393}"
EndProject
Global
	GlobalSection(SolutionConfigurationPlatforms) = preSolution
		Debug|Any CPU = Debug|Any CPU
		Release|Any CPU = Release|Any CPU
	EndGlobalSection
	GlobalSection(ProjectConfigurationPlatforms) = postSolution
		{D5944506-6871-440A-A210-D71C7ABA2BDA}.Debug|Any CPU.ActiveCfg = Debug|Any CPU
		{D5944506-6871-440A-A210-D71C7ABA2BDA}.Debug|Any CPU.Build.0 = Debug|Any CPU
		{D5944506-6871-440A-A210-D71C7ABA2BDA}.Release|Any CPU.ActiveCfg = Release|Any CPU
		{D5944506-6871-440A-A210-D71C7ABA2BDA}.Release|Any CPU.Build.0 = Release|Any CPU
		{523C4922-424A-4843-B560-0CB2781722D3}.Debug|Any CPU.ActiveCfg = Debug|Any CPU
		{523C4922-424A-4843-B560-0CB2781722D3}.Debug|Any CPU.Build.0 = Debug|Any CPU
		{523C4922-424A-4843-B560-0CB2781722D3}.Release|Any CPU.ActiveCfg = Release|Any CPU
		{523C4922-424A-4843-B560-0CB2781722D3}.Release|Any CPU.Build.0 = Release|Any CPU
		{F1C9FA6B-755D-442E-B6B6-B7CDDD88CD62}.Debug|Any CPU.ActiveCfg = Debug|Any CPU
		{F1C9FA6B-755D-442E-B6B6-B7CDDD88CD62}.Debug|Any CPU.Build.0 = Debug|Any CPU
		{F1C9FA6B-755D-442E-B6B6-B7CDDD88CD62}.Release|Any CPU.ActiveCfg = Release|Any CPU
		{F1C9FA6B-755D-442E-B6B6-B7CDDD88CD62}.Release|Any CPU.Build.0 = Release|Any CPU
		{ACBA8D12-A538-4AB9-9D12-59227821E7AA}.Debug|Any CPU.ActiveCfg = Debug|Any CPU
		{ACBA8D12-A538-4AB9-9D12-59227821E7AA}.Debug|Any CPU.Build.0 = Debug|Any CPU
		{ACBA8D12-A538-4AB9-9D12-59227821E7AA}.Release|Any CPU.ActiveCfg = Release|Any CPU
		{ACBA8D12-A538-4AB9-9D12-59227821E7AA}.Release|Any CPU.Build.0 = Release|Any CPU
		{A425261F-E463-4EB1-B237-597509E25C39}.Debug|Any CPU.ActiveCfg = Debug|Any CPU
		{A425261F-E463-4EB1-B237-597509E25C39}.Debug|Any CPU.Build.0 = Debug|Any CPU
		{A425261F-E463-4EB1-B237-597509E25C39}.Release|Any CPU.ActiveCfg = Release|Any CPU
		{A425261F-E463-4EB1-B237-597509E25C39}.Release|Any CPU.Build.0 = Release|Any CPU
		{70BB2194-ACC0-44F6-9264-11251485ECC2}.Debug|Any CPU.ActiveCfg = Debug|Any CPU
		{70BB2194-ACC0-44F6-9264-11251485ECC2}.Debug|Any CPU.Build.0 = Debug|Any CPU
		{70BB2194-ACC0-44F6-9264-11251485ECC2}.Release|Any CPU.ActiveCfg = Release|Any CPU
		{70BB2194-ACC0-44F6-9264-11251485ECC2}.Release|Any CPU.Build.0 = Release|Any CPU
		{1BB84589-22EA-4F07-BF68-C39577AEBC21}.Debug|Any CPU.ActiveCfg = Debug|Any CPU
		{1BB84589-22EA-4F07-BF68-C39577AEBC21}.Debug|Any CPU.Build.0 = Debug|Any CPU
		{1BB84589-22EA-4F07-BF68-C39577AEBC21}.Release|Any CPU.ActiveCfg = Release|Any CPU
		{1BB84589-22EA-4F07-BF68-C39577AEBC21}.Release|Any CPU.Build.0 = Release|Any CPU
		{3B15219E-FEB5-471D-BA9B-06EC67320A52}.Debug|Any CPU.ActiveCfg = Debug|Any CPU
		{3B15219E-FEB5-471D-BA9B-06EC67320A52}.Debug|Any CPU.Build.0 = Debug|Any CPU
		{3B15219E-FEB5-471D-BA9B-06EC67320A52}.Release|Any CPU.ActiveCfg = Release|Any CPU
		{3B15219E-FEB5-471D-BA9B-06EC67320A52}.Release|Any CPU.Build.0 = Release|Any CPU
		{60F20997-4A0B-4769-879B-D270B35AC149}.Debug|Any CPU.ActiveCfg = Debug|Any CPU
		{60F20997-4A0B-4769-879B-D270B35AC149}.Debug|Any CPU.Build.0 = Debug|Any CPU
		{60F20997-4A0B-4769-879B-D270B35AC149}.Release|Any CPU.ActiveCfg = Release|Any CPU
		{60F20997-4A0B-4769-879B-D270B35AC149}.Release|Any CPU.Build.0 = Release|Any CPU
		{B6FE1338-3086-4B01-B2F7-DA0CB1679175}.Debug|Any CPU.ActiveCfg = Debug|Any CPU
		{B6FE1338-3086-4B01-B2F7-DA0CB1679175}.Debug|Any CPU.Build.0 = Debug|Any CPU
		{B6FE1338-3086-4B01-B2F7-DA0CB1679175}.Release|Any CPU.ActiveCfg = Release|Any CPU
		{B6FE1338-3086-4B01-B2F7-DA0CB1679175}.Release|Any CPU.Build.0 = Release|Any CPU
		{D54C6080-859C-4E1E-A4CE-B5407E474326}.Debug|Any CPU.ActiveCfg = Debug|Any CPU
		{D54C6080-859C-4E1E-A4CE-B5407E474326}.Debug|Any CPU.Build.0 = Debug|Any CPU
		{D54C6080-859C-4E1E-A4CE-B5407E474326}.Release|Any CPU.ActiveCfg = Release|Any CPU
		{D54C6080-859C-4E1E-A4CE-B5407E474326}.Release|Any CPU.Build.0 = Release|Any CPU
		{1368F8C5-AB06-4211-94A2-A44CA3A1E291}.Debug|Any CPU.ActiveCfg = Debug|Any CPU
		{1368F8C5-AB06-4211-94A2-A44CA3A1E291}.Debug|Any CPU.Build.0 = Debug|Any CPU
		{1368F8C5-AB06-4211-94A2-A44CA3A1E291}.Release|Any CPU.ActiveCfg = Release|Any CPU
		{1368F8C5-AB06-4211-94A2-A44CA3A1E291}.Release|Any CPU.Build.0 = Release|Any CPU
		{70FF8F72-379E-4E23-B864-892FCB8AF93D}.Debug|Any CPU.ActiveCfg = Debug|Any CPU
		{70FF8F72-379E-4E23-B864-892FCB8AF93D}.Debug|Any CPU.Build.0 = Debug|Any CPU
		{70FF8F72-379E-4E23-B864-892FCB8AF93D}.Release|Any CPU.ActiveCfg = Release|Any CPU
		{70FF8F72-379E-4E23-B864-892FCB8AF93D}.Release|Any CPU.Build.0 = Release|Any CPU
		{AE99D690-A9A5-4018-BEC2-E9C04AD8CEF8}.Debug|Any CPU.ActiveCfg = Debug|Any CPU
		{AE99D690-A9A5-4018-BEC2-E9C04AD8CEF8}.Debug|Any CPU.Build.0 = Debug|Any CPU
		{AE99D690-A9A5-4018-BEC2-E9C04AD8CEF8}.Release|Any CPU.ActiveCfg = Release|Any CPU
		{AE99D690-A9A5-4018-BEC2-E9C04AD8CEF8}.Release|Any CPU.Build.0 = Release|Any CPU
		{0B3424A5-753D-47C5-B315-23CFC5C22021}.Debug|Any CPU.ActiveCfg = Debug|Any CPU
		{0B3424A5-753D-47C5-B315-23CFC5C22021}.Debug|Any CPU.Build.0 = Debug|Any CPU
		{0B3424A5-753D-47C5-B315-23CFC5C22021}.Release|Any CPU.ActiveCfg = Release|Any CPU
		{0B3424A5-753D-47C5-B315-23CFC5C22021}.Release|Any CPU.Build.0 = Release|Any CPU
		{3FA0B2D3-F486-4688-9EFE-4D49F98F6F56}.Debug|Any CPU.ActiveCfg = Debug|Any CPU
		{3FA0B2D3-F486-4688-9EFE-4D49F98F6F56}.Debug|Any CPU.Build.0 = Debug|Any CPU
		{3FA0B2D3-F486-4688-9EFE-4D49F98F6F56}.Release|Any CPU.ActiveCfg = Release|Any CPU
		{3FA0B2D3-F486-4688-9EFE-4D49F98F6F56}.Release|Any CPU.Build.0 = Release|Any CPU
		{7AB3272C-2C51-440D-8C40-EA88D3B8501A}.Debug|Any CPU.ActiveCfg = Debug|Any CPU
		{7AB3272C-2C51-440D-8C40-EA88D3B8501A}.Debug|Any CPU.Build.0 = Debug|Any CPU
		{7AB3272C-2C51-440D-8C40-EA88D3B8501A}.Release|Any CPU.ActiveCfg = Release|Any CPU
		{7AB3272C-2C51-440D-8C40-EA88D3B8501A}.Release|Any CPU.Build.0 = Release|Any CPU
		{24F906AF-DF04-4A59-9215-47186318F9B5}.Debug|Any CPU.ActiveCfg = Debug|Any CPU
		{24F906AF-DF04-4A59-9215-47186318F9B5}.Debug|Any CPU.Build.0 = Debug|Any CPU
		{24F906AF-DF04-4A59-9215-47186318F9B5}.Release|Any CPU.ActiveCfg = Release|Any CPU
		{24F906AF-DF04-4A59-9215-47186318F9B5}.Release|Any CPU.Build.0 = Release|Any CPU
		{A4D9620A-AA32-432D-977B-E01DFBA2FD43}.Debug|Any CPU.ActiveCfg = Debug
		{A4D9620A-AA32-432D-977B-E01DFBA2FD43}.Release|Any CPU.ActiveCfg = Release
		{4EEA6D8E-90A7-446A-8380-2DAB20A98E07}.Debug|Any CPU.ActiveCfg = Debug|Any CPU
		{4EEA6D8E-90A7-446A-8380-2DAB20A98E07}.Debug|Any CPU.Build.0 = Debug|Any CPU
		{4EEA6D8E-90A7-446A-8380-2DAB20A98E07}.Release|Any CPU.ActiveCfg = Release|Any CPU
		{4EEA6D8E-90A7-446A-8380-2DAB20A98E07}.Release|Any CPU.Build.0 = Release|Any CPU
		{E1EC40F3-35C1-4E56-8E66-C21CCF4E6F75}.Debug|Any CPU.ActiveCfg = Debug|Any CPU
		{E1EC40F3-35C1-4E56-8E66-C21CCF4E6F75}.Debug|Any CPU.Build.0 = Debug|Any CPU
		{E1EC40F3-35C1-4E56-8E66-C21CCF4E6F75}.Release|Any CPU.ActiveCfg = Release|Any CPU
		{E1EC40F3-35C1-4E56-8E66-C21CCF4E6F75}.Release|Any CPU.Build.0 = Release|Any CPU
		{39F7ACDC-FCAF-4208-A97D-9B5568AAC393}.Debug|Any CPU.ActiveCfg = Debug|Any CPU
		{39F7ACDC-FCAF-4208-A97D-9B5568AAC393}.Debug|Any CPU.Build.0 = Debug|Any CPU
		{39F7ACDC-FCAF-4208-A97D-9B5568AAC393}.Release|Any CPU.ActiveCfg = Release|Any CPU
		{39F7ACDC-FCAF-4208-A97D-9B5568AAC393}.Release|Any CPU.Build.0 = Release|Any CPU
	EndGlobalSection
	GlobalSection(SolutionProperties) = preSolution
		HideSolutionNode = FALSE
	EndGlobalSection
	GlobalSection(ExtensibilityGlobals) = postSolution
		SolutionGuid = {3DD04FD0-1A02-47C3-8561-6125068D20FA}
	EndGlobalSection
	GlobalSection(Performance) = preSolution
		HasPerformanceSessions = true
	EndGlobalSection
	GlobalSection(Performance) = preSolution
		HasPerformanceSessions = true
	EndGlobalSection
EndGlobal
